
Microsoft Visual Studio Solution File, Format Version 12.00
Project("{2150E333-8FDC-42A3-9474-1A3956D46DE8}") = "Core", "Core", "{7C5E760E-5C7A-4122-B3C9-4BC871EC4F76}"
EndProject
Project("{FAE04EC0-301F-11D3-BF4B-00C04F79EFBC}") = "Application", "..\Core\Application\Application.csproj", "{D345C23B-7E71-467F-8B00-57CFEA7033DC}"
EndProject
Project("{FAE04EC0-301F-11D3-BF4B-00C04F79EFBC}") = "Domain", "..\Core\Domain\Domain.csproj", "{62F89EAF-6786-4F4D-89D3-63FEACE9CF9A}"
EndProject
Project("{2150E333-8FDC-42A3-9474-1A3956D46DE8}") = "WebAPI", "WebAPI", "{786E6CFF-C70B-4860-ACFC-5310B7EE8697}"
EndProject
Project("{2150E333-8FDC-42A3-9474-1A3956D46DE8}") = "Infra", "Infra", "{1B7807B6-9557-402D-9233-223888275FE1}"
EndProject
Project("{FAE04EC0-301F-11D3-BF4B-00C04F79EFBC}") = "Data", "..\Infra\Data\Data.csproj", "{8D140226-7A8B-4D6C-B708-98C89481B273}"
EndProject
Project("{FAE04EC0-301F-11D3-BF4B-00C04F79EFBC}") = "Services", "..\Infra\Services\Services.csproj", "{E1BCEBAC-E1B8-42EC-8361-A1CAF123ECB6}"
EndProject
Project("{FAE04EC0-301F-11D3-BF4B-00C04F79EFBC}") = "API", "..\WebAPI\API\API.csproj", "{0AB2F367-F5E8-4C5E-89BD-10F9A8FE6A3A}"
EndProject
Global
	GlobalSection(SolutionConfigurationPlatforms) = preSolution
		Debug|Any CPU = Debug|Any CPU
		Release|Any CPU = Release|Any CPU
	EndGlobalSection
	GlobalSection(NestedProjects) = preSolution
		{D345C23B-7E71-467F-8B00-57CFEA7033DC} = {7C5E760E-5C7A-4122-B3C9-4BC871EC4F76}
		{62F89EAF-6786-4F4D-89D3-63FEACE9CF9A} = {7C5E760E-5C7A-4122-B3C9-4BC871EC4F76}
		{8D140226-7A8B-4D6C-B708-98C89481B273} = {1B7807B6-9557-402D-9233-223888275FE1}
		{E1BCEBAC-E1B8-42EC-8361-A1CAF123ECB6} = {1B7807B6-9557-402D-9233-223888275FE1}
		{0AB2F367-F5E8-4C5E-89BD-10F9A8FE6A3A} = {786E6CFF-C70B-4860-ACFC-5310B7EE8697}
	EndGlobalSection
	GlobalSection(ProjectConfigurationPlatforms) = postSolution
		{D345C23B-7E71-467F-8B00-57CFEA7033DC}.Debug|Any CPU.ActiveCfg = Debug|Any CPU
		{D345C23B-7E71-467F-8B00-57CFEA7033DC}.Debug|Any CPU.Build.0 = Debug|Any CPU
		{D345C23B-7E71-467F-8B00-57CFEA7033DC}.Release|Any CPU.ActiveCfg = Release|Any CPU
		{D345C23B-7E71-467F-8B00-57CFEA7033DC}.Release|Any CPU.Build.0 = Release|Any CPU
		{62F89EAF-6786-4F4D-89D3-63FEACE9CF9A}.Debug|Any CPU.ActiveCfg = Debug|Any CPU
		{62F89EAF-6786-4F4D-89D3-63FEACE9CF9A}.Debug|Any CPU.Build.0 = Debug|Any CPU
		{62F89EAF-6786-4F4D-89D3-63FEACE9CF9A}.Release|Any CPU.ActiveCfg = Release|Any CPU
		{62F89EAF-6786-4F4D-89D3-63FEACE9CF9A}.Release|Any CPU.Build.0 = Release|Any CPU
		{8D140226-7A8B-4D6C-B708-98C89481B273}.Debug|Any CPU.ActiveCfg = Debug|Any CPU
		{8D140226-7A8B-4D6C-B708-98C89481B273}.Debug|Any CPU.Build.0 = Debug|Any CPU
		{8D140226-7A8B-4D6C-B708-98C89481B273}.Release|Any CPU.ActiveCfg = Release|Any CPU
		{8D140226-7A8B-4D6C-B708-98C89481B273}.Release|Any CPU.Build.0 = Release|Any CPU
		{E1BCEBAC-E1B8-42EC-8361-A1CAF123ECB6}.Debug|Any CPU.ActiveCfg = Debug|Any CPU
		{E1BCEBAC-E1B8-42EC-8361-A1CAF123ECB6}.Debug|Any CPU.Build.0 = Debug|Any CPU
		{E1BCEBAC-E1B8-42EC-8361-A1CAF123ECB6}.Release|Any CPU.ActiveCfg = Release|Any CPU
		{E1BCEBAC-E1B8-42EC-8361-A1CAF123ECB6}.Release|Any CPU.Build.0 = Release|Any CPU
		{0AB2F367-F5E8-4C5E-89BD-10F9A8FE6A3A}.Debug|Any CPU.ActiveCfg = Debug|Any CPU
		{0AB2F367-F5E8-4C5E-89BD-10F9A8FE6A3A}.Debug|Any CPU.Build.0 = Debug|Any CPU
		{0AB2F367-F5E8-4C5E-89BD-10F9A8FE6A3A}.Release|Any CPU.ActiveCfg = Release|Any CPU
		{0AB2F367-F5E8-4C5E-89BD-10F9A8FE6A3A}.Release|Any CPU.Build.0 = Release|Any CPU
	EndGlobalSection
EndGlobal
